
Microsoft Visual Studio Solution File, Format Version 12.00
# Visual Studio Version 17
VisualStudioVersion = 17.13.35931.197 d17.13
MinimumVisualStudioVersion = 10.0.40219.1
Project("{FAE04EC0-301F-11D3-BF4B-00C04F79EFBC}") = "PROJETO KANBAN", "PROJETO KANBAN\PROJETO KANBAN.csproj", "{DC9DACEC-83A6-4E72-9192-A25F4A66C334}"
EndProject
Global
	GlobalSection(SolutionConfigurationPlatforms) = preSolution
		Debug|Any CPU = Debug|Any CPU
		Release|Any CPU = Release|Any CPU
	EndGlobalSection
	GlobalSection(ProjectConfigurationPlatforms) = postSolution
		{DC9DACEC-83A6-4E72-9192-A25F4A66C334}.Debug|Any CPU.ActiveCfg = Debug|Any CPU
		{DC9DACEC-83A6-4E72-9192-A25F4A66C334}.Debug|Any CPU.Build.0 = Debug|Any CPU
		{DC9DACEC-83A6-4E72-9192-A25F4A66C334}.Release|Any CPU.ActiveCfg = Release|Any CPU
		{DC9DACEC-83A6-4E72-9192-A25F4A66C334}.Release|Any CPU.Build.0 = Release|Any CPU
	EndGlobalSection
	GlobalSection(SolutionProperties) = preSolution
		HideSolutionNode = FALSE
	EndGlobalSection
	GlobalSection(ExtensibilityGlobals) = postSolution
		SolutionGuid = {DB2F2EFF-1AB4-4E12-BD2B-050628C4DD9A}
	EndGlobalSection
EndGlobal
